<?xml version="1.0" encoding="utf-8"?>
<Project ToolsVersion="4.0" xmlns="http://schemas.microsoft.com/developer/msbuild/2003">
  <ItemGroup>
    <Filter Include="renderer">
      <UniqueIdentifier>{84cc6997-5ed4-405f-8b51-0230e9d20644}</UniqueIdentifier>
    </Filter>
    <Filter Include="com">
      <UniqueIdentifier>{108673f7-4c34-4785-acd4-8e7c88ed91f1}</UniqueIdentifier>
    </Filter>
  </ItemGroup>
  <ItemGroup>
    <ClInclude Include="renderer\render_device.h">
      <Filter>renderer</Filter>
    </ClInclude>
    <ClInclude Include="renderer\render_device_desc.h">
      <Filter>renderer</Filter>
    </ClInclude>
    <ClInclude Include="com\com_ptr.h">
      <Filter>com</Filter>
    </ClInclude>
    <ClInclude Include="renderer\resource_manager.h">
      <Filter>renderer</Filter>
    </ClInclude>
    <ClInclude Include="renderer\resources.h">
      <Filter>renderer</Filter>
    </ClInclude>
    <ClInclude Include="renderer\render_context.h">
      <Filter>renderer</Filter>
    </ClInclude>
    <ClInclude Include="renderer\render_tasks.h">
      <Filter>renderer</Filter>
    </ClInclude>
    <ClInclude Include="d3dx12.h">
      <Filter>renderer</Filter>
    </ClInclude>
    <ClInclude Include="renderer\render_atom.h">
      <Filter>renderer</Filter>
    </ClInclude>
    <ClInclude Include="renderer\command_list_factory.h">
      <Filter>renderer</Filter>
    </ClInclude>
    <ClInclude Include="renderer\descriptor_heap_factory.h">
      <Filter>renderer</Filter>
    </ClInclude>
  </ItemGroup>
  <ItemGroup>
    <ClCompile Include="renderer\render_device.cpp">
      <Filter>renderer</Filter>
    </ClCompile>
    <ClCompile Include="renderer\resource_manager.cpp">
      <Filter>renderer</Filter>
    </ClCompile>
    <ClCompile Include="renderer\render_context.cpp">
      <Filter>renderer</Filter>
    </ClCompile>
    <ClCompile Include="renderer\render_tasks.cpp">
      <Filter>renderer</Filter>
    </ClCompile>
    <ClCompile Include="renderer\command_list_factory.cpp">
      <Filter>renderer</Filter>
    </ClCompile>
    <ClCompile Include="renderer\descriptor_heap_factory.cpp">
      <Filter>renderer</Filter>
    </ClCompile>
    <ClCompile Include="renderer\render_atom.cpp">
      <Filter>renderer</Filter>
    </ClCompile>
  </ItemGroup>
</Project>