
Microsoft Visual Studio Solution File, Format Version 12.00
# Visual Studio 14
VisualStudioVersion = 14.0.23107.0
MinimumVisualStudioVersion = 10.0.40219.1
Project("{8BC9CEB8-8B4A-11D0-8D11-00A0C91BC942}") = "application_windows", "application_windows\application_windows.vcxproj", "{1696C91D-8733-4E92-8AAE-1020F3C31CA3}"
	ProjectSection(ProjectDependencies) = postProject
		{C5D15D01-68B1-4D1F-9E0D-879BD36DC4D2} = {C5D15D01-68B1-4D1F-9E0D-879BD36DC4D2}
		{B0C87C07-2FA9-4965-8E05-7F02FE58D1DE} = {B0C87C07-2FA9-4965-8E05-7F02FE58D1DE}
		{CCC98F37-7886-43D7-9E50-306AABA81AA4} = {CCC98F37-7886-43D7-9E50-306AABA81AA4}
		{78B3BBE3-E704-4044-A458-D4CEF6761565} = {78B3BBE3-E704-4044-A458-D4CEF6761565}
	EndProjectSection
EndProject
Project("{8BC9CEB8-8B4A-11D0-8D11-00A0C91BC942}") = "core", "core\core.vcxproj", "{B0C87C07-2FA9-4965-8E05-7F02FE58D1DE}"
EndProject
Project("{8BC9CEB8-8B4A-11D0-8D11-00A0C91BC942}") = "application", "application\application.vcxproj", "{C5D15D01-68B1-4D1F-9E0D-879BD36DC4D2}"
	ProjectSection(ProjectDependencies) = postProject
		{CCC98F37-7886-43D7-9E50-306AABA81AA4} = {CCC98F37-7886-43D7-9E50-306AABA81AA4}
		{78B3BBE3-E704-4044-A458-D4CEF6761565} = {78B3BBE3-E704-4044-A458-D4CEF6761565}
	EndProjectSection
EndProject
Project("{8BC9CEB8-8B4A-11D0-8D11-00A0C91BC942}") = "math", "math\math.vcxproj", "{78B3BBE3-E704-4044-A458-D4CEF6761565}"
EndProject
Project("{2150E333-8FDC-42A3-9474-1A3956D46DE8}") = "Solution Items", "Solution Items", "{E007D169-6E60-4371-9187-AB9A01E464BC}"
	ProjectSection(SolutionItems) = preProject
		Performance1.psess = Performance1.psess
		Performance2.psess = Performance2.psess
	EndProjectSection
EndProject
Project("{8BC9CEB8-8B4A-11D0-8D11-00A0C91BC942}") = "renderer_d3d12", "renderer_d3d12\renderer_d3d12.vcxproj", "{CCC98F37-7886-43D7-9E50-306AABA81AA4}"
	ProjectSection(ProjectDependencies) = postProject
		{B0C87C07-2FA9-4965-8E05-7F02FE58D1DE} = {B0C87C07-2FA9-4965-8E05-7F02FE58D1DE}
		{184BADA5-C370-40BF-8696-2E4138510E1E} = {184BADA5-C370-40BF-8696-2E4138510E1E}
		{78B3BBE3-E704-4044-A458-D4CEF6761565} = {78B3BBE3-E704-4044-A458-D4CEF6761565}
	EndProjectSection
EndProject
Project("{8BC9CEB8-8B4A-11D0-8D11-00A0C91BC942}") = "renderer", "renderer\renderer.vcxproj", "{184BADA5-C370-40BF-8696-2E4138510E1E}"
EndProject
Global
	GlobalSection(Performance) = preSolution
		HasPerformanceSessions = true
	EndGlobalSection
	GlobalSection(SolutionConfigurationPlatforms) = preSolution
		Debug|Mixed Platforms = Debug|Mixed Platforms
		Debug|Win32 = Debug|Win32
		Debug|x64 = Debug|x64
		Release|Mixed Platforms = Release|Mixed Platforms
		Release|Win32 = Release|Win32
		Release|x64 = Release|x64
	EndGlobalSection
	GlobalSection(ProjectConfigurationPlatforms) = postSolution
		{1696C91D-8733-4E92-8AAE-1020F3C31CA3}.Debug|Mixed Platforms.ActiveCfg = Debug|Win32
		{1696C91D-8733-4E92-8AAE-1020F3C31CA3}.Debug|Mixed Platforms.Build.0 = Debug|Win32
		{1696C91D-8733-4E92-8AAE-1020F3C31CA3}.Debug|Win32.ActiveCfg = Debug|Win32
		{1696C91D-8733-4E92-8AAE-1020F3C31CA3}.Debug|Win32.Build.0 = Debug|Win32
		{1696C91D-8733-4E92-8AAE-1020F3C31CA3}.Debug|x64.ActiveCfg = Debug|x64
		{1696C91D-8733-4E92-8AAE-1020F3C31CA3}.Debug|x64.Build.0 = Debug|x64
		{1696C91D-8733-4E92-8AAE-1020F3C31CA3}.Release|Mixed Platforms.ActiveCfg = Release|Win32
		{1696C91D-8733-4E92-8AAE-1020F3C31CA3}.Release|Mixed Platforms.Build.0 = Release|Win32
		{1696C91D-8733-4E92-8AAE-1020F3C31CA3}.Release|Win32.ActiveCfg = Release|Win32
		{1696C91D-8733-4E92-8AAE-1020F3C31CA3}.Release|Win32.Build.0 = Release|Win32
		{1696C91D-8733-4E92-8AAE-1020F3C31CA3}.Release|x64.ActiveCfg = Release|x64
		{1696C91D-8733-4E92-8AAE-1020F3C31CA3}.Release|x64.Build.0 = Release|x64
		{B0C87C07-2FA9-4965-8E05-7F02FE58D1DE}.Debug|Mixed Platforms.ActiveCfg = Debug|Win32
		{B0C87C07-2FA9-4965-8E05-7F02FE58D1DE}.Debug|Mixed Platforms.Build.0 = Debug|Win32
		{B0C87C07-2FA9-4965-8E05-7F02FE58D1DE}.Debug|Win32.ActiveCfg = Debug|Win32
		{B0C87C07-2FA9-4965-8E05-7F02FE58D1DE}.Debug|Win32.Build.0 = Debug|Win32
		{B0C87C07-2FA9-4965-8E05-7F02FE58D1DE}.Debug|x64.ActiveCfg = Debug|x64
		{B0C87C07-2FA9-4965-8E05-7F02FE58D1DE}.Debug|x64.Build.0 = Debug|x64
		{B0C87C07-2FA9-4965-8E05-7F02FE58D1DE}.Release|Mixed Platforms.ActiveCfg = Release|Win32
		{B0C87C07-2FA9-4965-8E05-7F02FE58D1DE}.Release|Mixed Platforms.Build.0 = Release|Win32
		{B0C87C07-2FA9-4965-8E05-7F02FE58D1DE}.Release|Win32.ActiveCfg = Release|Win32
		{B0C87C07-2FA9-4965-8E05-7F02FE58D1DE}.Release|Win32.Build.0 = Release|Win32
		{B0C87C07-2FA9-4965-8E05-7F02FE58D1DE}.Release|x64.ActiveCfg = Release|x64
		{B0C87C07-2FA9-4965-8E05-7F02FE58D1DE}.Release|x64.Build.0 = Release|x64
		{C5D15D01-68B1-4D1F-9E0D-879BD36DC4D2}.Debug|Mixed Platforms.ActiveCfg = Debug|Win32
		{C5D15D01-68B1-4D1F-9E0D-879BD36DC4D2}.Debug|Mixed Platforms.Build.0 = Debug|Win32
		{C5D15D01-68B1-4D1F-9E0D-879BD36DC4D2}.Debug|Win32.ActiveCfg = Debug|Win32
		{C5D15D01-68B1-4D1F-9E0D-879BD36DC4D2}.Debug|Win32.Build.0 = Debug|Win32
		{C5D15D01-68B1-4D1F-9E0D-879BD36DC4D2}.Debug|x64.ActiveCfg = Debug|x64
		{C5D15D01-68B1-4D1F-9E0D-879BD36DC4D2}.Debug|x64.Build.0 = Debug|x64
		{C5D15D01-68B1-4D1F-9E0D-879BD36DC4D2}.Release|Mixed Platforms.ActiveCfg = Release|Win32
		{C5D15D01-68B1-4D1F-9E0D-879BD36DC4D2}.Release|Mixed Platforms.Build.0 = Release|Win32
		{C5D15D01-68B1-4D1F-9E0D-879BD36DC4D2}.Release|Win32.ActiveCfg = Release|Win32
		{C5D15D01-68B1-4D1F-9E0D-879BD36DC4D2}.Release|Win32.Build.0 = Release|Win32
		{C5D15D01-68B1-4D1F-9E0D-879BD36DC4D2}.Release|x64.ActiveCfg = Release|x64
		{C5D15D01-68B1-4D1F-9E0D-879BD36DC4D2}.Release|x64.Build.0 = Release|x64
		{78B3BBE3-E704-4044-A458-D4CEF6761565}.Debug|Mixed Platforms.ActiveCfg = Debug|Win32
		{78B3BBE3-E704-4044-A458-D4CEF6761565}.Debug|Mixed Platforms.Build.0 = Debug|Win32
		{78B3BBE3-E704-4044-A458-D4CEF6761565}.Debug|Win32.ActiveCfg = Debug|Win32
		{78B3BBE3-E704-4044-A458-D4CEF6761565}.Debug|Win32.Build.0 = Debug|Win32
		{78B3BBE3-E704-4044-A458-D4CEF6761565}.Debug|x64.ActiveCfg = Debug|x64
		{78B3BBE3-E704-4044-A458-D4CEF6761565}.Debug|x64.Build.0 = Debug|x64
		{78B3BBE3-E704-4044-A458-D4CEF6761565}.Release|Mixed Platforms.ActiveCfg = Release|Win32
		{78B3BBE3-E704-4044-A458-D4CEF6761565}.Release|Mixed Platforms.Build.0 = Release|Win32
		{78B3BBE3-E704-4044-A458-D4CEF6761565}.Release|Win32.ActiveCfg = Release|Win32
		{78B3BBE3-E704-4044-A458-D4CEF6761565}.Release|Win32.Build.0 = Release|Win32
		{78B3BBE3-E704-4044-A458-D4CEF6761565}.Release|x64.ActiveCfg = Release|x64
		{78B3BBE3-E704-4044-A458-D4CEF6761565}.Release|x64.Build.0 = Release|x64
		{CCC98F37-7886-43D7-9E50-306AABA81AA4}.Debug|Mixed Platforms.ActiveCfg = Debug|Win32
		{CCC98F37-7886-43D7-9E50-306AABA81AA4}.Debug|Mixed Platforms.Build.0 = Debug|Win32
		{CCC98F37-7886-43D7-9E50-306AABA81AA4}.Debug|Win32.ActiveCfg = Debug|Win32
		{CCC98F37-7886-43D7-9E50-306AABA81AA4}.Debug|Win32.Build.0 = Debug|Win32
		{CCC98F37-7886-43D7-9E50-306AABA81AA4}.Debug|x64.ActiveCfg = Debug|x64
		{CCC98F37-7886-43D7-9E50-306AABA81AA4}.Debug|x64.Build.0 = Debug|x64
		{CCC98F37-7886-43D7-9E50-306AABA81AA4}.Release|Mixed Platforms.ActiveCfg = Release|Win32
		{CCC98F37-7886-43D7-9E50-306AABA81AA4}.Release|Mixed Platforms.Build.0 = Release|Win32
		{CCC98F37-7886-43D7-9E50-306AABA81AA4}.Release|Win32.ActiveCfg = Release|Win32
		{CCC98F37-7886-43D7-9E50-306AABA81AA4}.Release|Win32.Build.0 = Release|Win32
		{CCC98F37-7886-43D7-9E50-306AABA81AA4}.Release|x64.ActiveCfg = Release|x64
		{CCC98F37-7886-43D7-9E50-306AABA81AA4}.Release|x64.Build.0 = Release|x64
		{184BADA5-C370-40BF-8696-2E4138510E1E}.Debug|Mixed Platforms.ActiveCfg = Debug|Win32
		{184BADA5-C370-40BF-8696-2E4138510E1E}.Debug|Mixed Platforms.Build.0 = Debug|Win32
		{184BADA5-C370-40BF-8696-2E4138510E1E}.Debug|Win32.ActiveCfg = Debug|Win32
		{184BADA5-C370-40BF-8696-2E4138510E1E}.Debug|Win32.Build.0 = Debug|Win32
		{184BADA5-C370-40BF-8696-2E4138510E1E}.Debug|x64.ActiveCfg = Debug|x64
		{184BADA5-C370-40BF-8696-2E4138510E1E}.Debug|x64.Build.0 = Debug|x64
		{184BADA5-C370-40BF-8696-2E4138510E1E}.Release|Mixed Platforms.ActiveCfg = Release|Win32
		{184BADA5-C370-40BF-8696-2E4138510E1E}.Release|Mixed Platforms.Build.0 = Release|Win32
		{184BADA5-C370-40BF-8696-2E4138510E1E}.Release|Win32.ActiveCfg = Release|Win32
		{184BADA5-C370-40BF-8696-2E4138510E1E}.Release|Win32.Build.0 = Release|Win32
		{184BADA5-C370-40BF-8696-2E4138510E1E}.Release|x64.ActiveCfg = Release|x64
		{184BADA5-C370-40BF-8696-2E4138510E1E}.Release|x64.Build.0 = Release|x64
	EndGlobalSection
	GlobalSection(SolutionProperties) = preSolution
		HideSolutionNode = FALSE
	EndGlobalSection
EndGlobal
