<?xml version="1.0" encoding="utf-8"?>
<Project ToolsVersion="4.0" xmlns="http://schemas.microsoft.com/developer/msbuild/2003">
  <ItemGroup>
    <Filter Include="thread">
      <UniqueIdentifier>{14927fd0-ef74-4212-b152-31a503c6473c}</UniqueIdentifier>
    </Filter>
    <Filter Include="container">
      <UniqueIdentifier>{81a896c8-e994-46de-aeb2-91269cf9a8fe}</UniqueIdentifier>
    </Filter>
  </ItemGroup>
  <ItemGroup>
    <ClInclude Include="thread\fiber_pool.h">
      <Filter>thread</Filter>
    </ClInclude>
    <ClInclude Include="thread\worker_thread.h">
      <Filter>thread</Filter>
    </ClInclude>
    <ClInclude Include="thread\threading.h">
      <Filter>thread</Filter>
    </ClInclude>
    <ClInclude Include="thread\wait_list.h">
      <Filter>thread</Filter>
    </ClInclude>
    <ClInclude Include="thread\fiber.h">
      <Filter>thread</Filter>
    </ClInclude>
    <ClInclude Include="thread\job_queue.h">
      <Filter>thread</Filter>
    </ClInclude>
    <ClInclude Include="thread\job_declaration.h">
      <Filter>thread</Filter>
    </ClInclude>
    <ClInclude Include="thread\counter.h" />
    <ClInclude Include="thread\fiber_system.h">
      <Filter>thread</Filter>
    </ClInclude>
  </ItemGroup>
  <ItemGroup>
    <ClCompile Include="thread\fiber_pool.cpp">
      <Filter>thread</Filter>
    </ClCompile>
    <ClCompile Include="thread\wait_list.cpp">
      <Filter>thread</Filter>
    </ClCompile>
    <ClCompile Include="thread\threading.cpp">
      <Filter>thread</Filter>
    </ClCompile>
    <ClCompile Include="thread\fiber_system.cpp">
      <Filter>thread</Filter>
    </ClCompile>
  </ItemGroup>
</Project>